
Microsoft Visual Studio Solution File, Format Version 12.00
# Visual Studio 2012
Project("{FAE04EC0-301F-11D3-BF4B-00C04F79EFBC}") = "Ilc.Data.Models", "src\Ilc.Data.Models\Ilc.Data.Models.csproj", "{0D1BF8AA-DB0E-454B-8D1C-8629F1B5DD0A}"
EndProject
Project("{FAE04EC0-301F-11D3-BF4B-00C04F79EFBC}") = "Ilc.Web", "src\Ilc.Web\Ilc.Web.csproj", "{5BF1B193-C297-44AE-BDFC-9D561EB1919A}"
EndProject
Project("{FAE04EC0-301F-11D3-BF4B-00C04F79EFBC}") = "Ilc.Data", "src\ILC.Data\Ilc.Data.csproj", "{23DC2E5A-51C6-4CC9-AC7A-469082F37A22}"
EndProject
Project("{FAE04EC0-301F-11D3-BF4B-00C04F79EFBC}") = "Ilc.Data.Contracts", "src\Ilc.Data.Contracts\Ilc.Data.Contracts.csproj", "{3FA100BF-8CD4-4CA0-BE9D-9EF503CA7214}"
EndProject
Global
	GlobalSection(SolutionConfigurationPlatforms) = preSolution
		Debug|Any CPU = Debug|Any CPU
		Release|Any CPU = Release|Any CPU
	EndGlobalSection
	GlobalSection(ProjectConfigurationPlatforms) = postSolution
		{0D1BF8AA-DB0E-454B-8D1C-8629F1B5DD0A}.Debug|Any CPU.ActiveCfg = Debug|Any CPU
		{0D1BF8AA-DB0E-454B-8D1C-8629F1B5DD0A}.Debug|Any CPU.Build.0 = Debug|Any CPU
		{0D1BF8AA-DB0E-454B-8D1C-8629F1B5DD0A}.Release|Any CPU.ActiveCfg = Release|Any CPU
		{0D1BF8AA-DB0E-454B-8D1C-8629F1B5DD0A}.Release|Any CPU.Build.0 = Release|Any CPU
		{5BF1B193-C297-44AE-BDFC-9D561EB1919A}.Debug|Any CPU.ActiveCfg = Debug|Any CPU
		{5BF1B193-C297-44AE-BDFC-9D561EB1919A}.Debug|Any CPU.Build.0 = Debug|Any CPU
		{5BF1B193-C297-44AE-BDFC-9D561EB1919A}.Release|Any CPU.ActiveCfg = Release|Any CPU
		{5BF1B193-C297-44AE-BDFC-9D561EB1919A}.Release|Any CPU.Build.0 = Release|Any CPU
		{23DC2E5A-51C6-4CC9-AC7A-469082F37A22}.Debug|Any CPU.ActiveCfg = Debug|Any CPU
		{23DC2E5A-51C6-4CC9-AC7A-469082F37A22}.Debug|Any CPU.Build.0 = Debug|Any CPU
		{23DC2E5A-51C6-4CC9-AC7A-469082F37A22}.Release|Any CPU.ActiveCfg = Release|Any CPU
		{23DC2E5A-51C6-4CC9-AC7A-469082F37A22}.Release|Any CPU.Build.0 = Release|Any CPU
		{3FA100BF-8CD4-4CA0-BE9D-9EF503CA7214}.Debug|Any CPU.ActiveCfg = Debug|Any CPU
		{3FA100BF-8CD4-4CA0-BE9D-9EF503CA7214}.Debug|Any CPU.Build.0 = Debug|Any CPU
		{3FA100BF-8CD4-4CA0-BE9D-9EF503CA7214}.Release|Any CPU.ActiveCfg = Release|Any CPU
		{3FA100BF-8CD4-4CA0-BE9D-9EF503CA7214}.Release|Any CPU.Build.0 = Release|Any CPU
	EndGlobalSection
	GlobalSection(SolutionProperties) = preSolution
		HideSolutionNode = FALSE
	EndGlobalSection
EndGlobal
